// !$*UTF8*$!
{
	archiveVersion = 1;
	classes = {
	};
	objectVersion = 56;
	objects = {

/* Begin PBXBuildFile section */
		D993487A295B8523009EE877 /* AppDelegate.swift in Sources */ = {isa = PBXBuildFile; fileRef = D9934879295B8523009EE877 /* AppDelegate.swift */; };
		D993487C295B8523009EE877 /* SceneDelegate.swift in Sources */ = {isa = PBXBuildFile; fileRef = D993487B295B8523009EE877 /* SceneDelegate.swift */; };
		D993487E295B8523009EE877 /* SpacePhotosViewController.swift in Sources */ = {isa = PBXBuildFile; fileRef = D993487D295B8523009EE877 /* SpacePhotosViewController.swift */; };
		D9934883295B8525009EE877 /* Assets.xcassets in Resources */ = {isa = PBXBuildFile; fileRef = D9934882295B8525009EE877 /* Assets.xcassets */; };
		D9934886295B8525009EE877 /* LaunchScreen.storyboard in Resources */ = {isa = PBXBuildFile; fileRef = D9934884295B8525009EE877 /* LaunchScreen.storyboard */; };
		D9934892295B89C2009EE877 /* FavoritePhotosViewController.swift in Sources */ = {isa = PBXBuildFile; fileRef = D9934891295B89C2009EE877 /* FavoritePhotosViewController.swift */; };
		D9934895295B99C6009EE877 /* UITabBarController.swift in Sources */ = {isa = PBXBuildFile; fileRef = D9934894295B99C6009EE877 /* UITabBarController.swift */; };
		D9934897295B9B8B009EE877 /* UIColors.swift in Sources */ = {isa = PBXBuildFile; fileRef = D9934896295B9B8B009EE877 /* UIColors.swift */; };
		D993489A295C80C1009EE877 /* Viewcode.swift in Sources */ = {isa = PBXBuildFile; fileRef = D9934899295C80C1009EE877 /* Viewcode.swift */; };
		D9C75CC6295CBE8E0077AC28 /* SpacePhotosViewModel.swift in Sources */ = {isa = PBXBuildFile; fileRef = D9C75CC5295CBE8E0077AC28 /* SpacePhotosViewModel.swift */; };
		D9C75CC9295CD3770077AC28 /* SpacePhotoTableViewCell.swift in Sources */ = {isa = PBXBuildFile; fileRef = D9C75CC8295CD3770077AC28 /* SpacePhotoTableViewCell.swift */; };
		D9C75CCB295CD3940077AC28 /* UITableviewCell.swift in Sources */ = {isa = PBXBuildFile; fileRef = D9C75CCA295CD3940077AC28 /* UITableviewCell.swift */; };
/* End PBXBuildFile section */

/* Begin PBXFileReference section */
		D9934876295B8523009EE877 /* Space Art.app */ = {isa = PBXFileReference; explicitFileType = wrapper.application; includeInIndex = 0; path = "Space Art.app"; sourceTree = BUILT_PRODUCTS_DIR; };
		D9934879295B8523009EE877 /* AppDelegate.swift */ = {isa = PBXFileReference; lastKnownFileType = sourcecode.swift; path = AppDelegate.swift; sourceTree = "<group>"; };
		D993487B295B8523009EE877 /* SceneDelegate.swift */ = {isa = PBXFileReference; lastKnownFileType = sourcecode.swift; path = SceneDelegate.swift; sourceTree = "<group>"; };
		D993487D295B8523009EE877 /* SpacePhotosViewController.swift */ = {isa = PBXFileReference; lastKnownFileType = sourcecode.swift; path = SpacePhotosViewController.swift; sourceTree = "<group>"; };
		D9934882295B8525009EE877 /* Assets.xcassets */ = {isa = PBXFileReference; lastKnownFileType = folder.assetcatalog; path = Assets.xcassets; sourceTree = "<group>"; };
		D9934885295B8525009EE877 /* Base */ = {isa = PBXFileReference; lastKnownFileType = file.storyboard; name = Base; path = Base.lproj/LaunchScreen.storyboard; sourceTree = "<group>"; };
		D9934887295B8525009EE877 /* Info.plist */ = {isa = PBXFileReference; lastKnownFileType = text.plist.xml; path = Info.plist; sourceTree = "<group>"; };
		D9934891295B89C2009EE877 /* FavoritePhotosViewController.swift */ = {isa = PBXFileReference; lastKnownFileType = sourcecode.swift; path = FavoritePhotosViewController.swift; sourceTree = "<group>"; };
		D9934894295B99C6009EE877 /* UITabBarController.swift */ = {isa = PBXFileReference; lastKnownFileType = sourcecode.swift; path = UITabBarController.swift; sourceTree = "<group>"; };
		D9934896295B9B8B009EE877 /* UIColors.swift */ = {isa = PBXFileReference; lastKnownFileType = sourcecode.swift; path = UIColors.swift; sourceTree = "<group>"; };
		D9934899295C80C1009EE877 /* Viewcode.swift */ = {isa = PBXFileReference; lastKnownFileType = sourcecode.swift; path = Viewcode.swift; sourceTree = "<group>"; };
		D9C75CC5295CBE8E0077AC28 /* SpacePhotosViewModel.swift */ = {isa = PBXFileReference; lastKnownFileType = sourcecode.swift; path = SpacePhotosViewModel.swift; sourceTree = "<group>"; };
		D9C75CC8295CD3770077AC28 /* SpacePhotoTableViewCell.swift */ = {isa = PBXFileReference; lastKnownFileType = sourcecode.swift; path = SpacePhotoTableViewCell.swift; sourceTree = "<group>"; };
		D9C75CCA295CD3940077AC28 /* UITableviewCell.swift */ = {isa = PBXFileReference; lastKnownFileType = sourcecode.swift; path = UITableviewCell.swift; sourceTree = "<group>"; };
/* End PBXFileReference section */

/* Begin PBXFrameworksBuildPhase section */
		D9934873295B8523009EE877 /* Frameworks */ = {
			isa = PBXFrameworksBuildPhase;
			buildActionMask = 2147483647;
			files = (
			);
			runOnlyForDeploymentPostprocessing = 0;
		};
/* End PBXFrameworksBuildPhase section */

/* Begin PBXGroup section */
		D993486D295B8523009EE877 = {
			isa = PBXGroup;
			children = (
				D9934878295B8523009EE877 /* Space Art */,
				D9934877295B8523009EE877 /* Products */,
			);
			sourceTree = "<group>";
		};
		D9934877295B8523009EE877 /* Products */ = {
			isa = PBXGroup;
			children = (
				D9934876295B8523009EE877 /* Space Art.app */,
			);
			name = Products;
			sourceTree = "<group>";
		};
		D9934878295B8523009EE877 /* Space Art */ = {
			isa = PBXGroup;
			children = (
				D993488D295B8737009EE877 /* Supportive Files */,
				D9934898295C809B009EE877 /* Protocols */,
				D9934893295B9989009EE877 /* Extensions */,
				D9C75CC1295CBC010077AC28 /* Model */,
				D993488E295B877B009EE877 /* Scenes */,
				D9934882295B8525009EE877 /* Assets.xcassets */,
				D9934887295B8525009EE877 /* Info.plist */,
			);
			path = "Space Art";
			sourceTree = "<group>";
		};
		D993488D295B8737009EE877 /* Supportive Files */ = {
			isa = PBXGroup;
			children = (
				D9934879295B8523009EE877 /* AppDelegate.swift */,
				D993487B295B8523009EE877 /* SceneDelegate.swift */,
				D9934884295B8525009EE877 /* LaunchScreen.storyboard */,
			);
			name = "Supportive Files";
			sourceTree = "<group>";
		};
		D993488E295B877B009EE877 /* Scenes */ = {
			isa = PBXGroup;
			children = (
				D993488F295B897F009EE877 /* SpacePhotos */,
				D9934890295B8990009EE877 /* FavoritePhotos */,
			);
			path = Scenes;
			sourceTree = "<group>";
		};
		D993488F295B897F009EE877 /* SpacePhotos */ = {
			isa = PBXGroup;
			children = (
				D993487D295B8523009EE877 /* SpacePhotosViewController.swift */,
				D9C75CC2295CBC380077AC28 /* ViewModel */,
				D9C75CC7295CD32E0077AC28 /* View */,
			);
			path = SpacePhotos;
			sourceTree = "<group>";
		};
		D9934890295B8990009EE877 /* FavoritePhotos */ = {
			isa = PBXGroup;
			children = (
				D9934891295B89C2009EE877 /* FavoritePhotosViewController.swift */,
			);
			path = FavoritePhotos;
			sourceTree = "<group>";
		};
		D9934893295B9989009EE877 /* Extensions */ = {
			isa = PBXGroup;
			children = (
				D9934894295B99C6009EE877 /* UITabBarController.swift */,
				D9934896295B9B8B009EE877 /* UIColors.swift */,
				D9C75CCA295CD3940077AC28 /* UITableviewCell.swift */,
			);
			path = Extensions;
			sourceTree = "<group>";
		};
		D9934898295C809B009EE877 /* Protocols */ = {
			isa = PBXGroup;
			children = (
				D9934899295C80C1009EE877 /* Viewcode.swift */,
			);
			path = Protocols;
			sourceTree = "<group>";
		};
		D9C75CC1295CBC010077AC28 /* Model */ = {
			isa = PBXGroup;
			children = (
			);
			path = Model;
			sourceTree = "<group>";
		};
		D9C75CC2295CBC380077AC28 /* ViewModel */ = {
			isa = PBXGroup;
			children = (
				D9C75CC5295CBE8E0077AC28 /* SpacePhotosViewModel.swift */,
			);
			path = ViewModel;
			sourceTree = "<group>";
		};
		D9C75CC7295CD32E0077AC28 /* View */ = {
			isa = PBXGroup;
			children = (
				D9C75CC8295CD3770077AC28 /* SpacePhotoTableViewCell.swift */,
			);
			path = View;
			sourceTree = "<group>";
		};
/* End PBXGroup section */

/* Begin PBXNativeTarget section */
		D9934875295B8523009EE877 /* Space Art */ = {
			isa = PBXNativeTarget;
			buildConfigurationList = D993488A295B8525009EE877 /* Build configuration list for PBXNativeTarget "Space Art" */;
			buildPhases = (
				D9934872295B8523009EE877 /* Sources */,
				D9934873295B8523009EE877 /* Frameworks */,
				D9934874295B8523009EE877 /* Resources */,
			);
			buildRules = (
			);
			dependencies = (
			);
			name = "Space Art";
			productName = "Space Art";
			productReference = D9934876295B8523009EE877 /* Space Art.app */;
			productType = "com.apple.product-type.application";
		};
/* End PBXNativeTarget section */

/* Begin PBXProject section */
		D993486E295B8523009EE877 /* Project object */ = {
			isa = PBXProject;
			attributes = {
				BuildIndependentTargetsInParallel = 1;
				LastSwiftUpdateCheck = 1400;
				LastUpgradeCheck = 1400;
				TargetAttributes = {
					D9934875295B8523009EE877 = {
						CreatedOnToolsVersion = 14.0.1;
					};
				};
			};
			buildConfigurationList = D9934871295B8523009EE877 /* Build configuration list for PBXProject "Space Art" */;
			compatibilityVersion = "Xcode 14.0";
			developmentRegion = en;
			hasScannedForEncodings = 0;
			knownRegions = (
				en,
				Base,
			);
			mainGroup = D993486D295B8523009EE877;
			productRefGroup = D9934877295B8523009EE877 /* Products */;
			projectDirPath = "";
			projectRoot = "";
			targets = (
				D9934875295B8523009EE877 /* Space Art */,
			);
		};
/* End PBXProject section */

/* Begin PBXResourcesBuildPhase section */
		D9934874295B8523009EE877 /* Resources */ = {
			isa = PBXResourcesBuildPhase;
			buildActionMask = 2147483647;
			files = (
				D9934886295B8525009EE877 /* LaunchScreen.storyboard in Resources */,
				D9934883295B8525009EE877 /* Assets.xcassets in Resources */,
			);
			runOnlyForDeploymentPostprocessing = 0;
		};
/* End PBXResourcesBuildPhase section */

/* Begin PBXSourcesBuildPhase section */
		D9934872295B8523009EE877 /* Sources */ = {
			isa = PBXSourcesBuildPhase;
			buildActionMask = 2147483647;
			files = (
				D993487E295B8523009EE877 /* SpacePhotosViewController.swift in Sources */,
				D9C75CC9295CD3770077AC28 /* SpacePhotoTableViewCell.swift in Sources */,
				D9934892295B89C2009EE877 /* FavoritePhotosViewController.swift in Sources */,
				D9C75CC6295CBE8E0077AC28 /* SpacePhotosViewModel.swift in Sources */,
				D993487A295B8523009EE877 /* AppDelegate.swift in Sources */,
				D9934895295B99C6009EE877 /* UITabBarController.swift in Sources */,
				D993487C295B8523009EE877 /* SceneDelegate.swift in Sources */,
				D993489A295C80C1009EE877 /* Viewcode.swift in Sources */,
				D9934897295B9B8B009EE877 /* UIColors.swift in Sources */,
				D9C75CCB295CD3940077AC28 /* UITableviewCell.swift in Sources */,
			);
			runOnlyForDeploymentPostprocessing = 0;
		};
/* End PBXSourcesBuildPhase section */

/* Begin PBXVariantGroup section */
		D9934884295B8525009EE877 /* LaunchScreen.storyboard */ = {
			isa = PBXVariantGroup;
			children = (
				D9934885295B8525009EE877 /* Base */,
			);
			name = LaunchScreen.storyboard;
			sourceTree = "<group>";
		};
/* End PBXVariantGroup section */

/* Begin XCBuildConfiguration section */
		D9934888295B8525009EE877 /* Debug */ = {
			isa = XCBuildConfiguration;
			buildSettings = {
				ALWAYS_SEARCH_USER_PATHS = NO;
				CLANG_ANALYZER_NONNULL = YES;
				CLANG_ANALYZER_NUMBER_OBJECT_CONVERSION = YES_AGGRESSIVE;
				CLANG_CXX_LANGUAGE_STANDARD = "gnu++20";
				CLANG_ENABLE_MODULES = YES;
				CLANG_ENABLE_OBJC_ARC = YES;
				CLANG_ENABLE_OBJC_WEAK = YES;
				CLANG_WARN_BLOCK_CAPTURE_AUTORELEASING = YES;
				CLANG_WARN_BOOL_CONVERSION = YES;
				CLANG_WARN_COMMA = YES;
				CLANG_WARN_CONSTANT_CONVERSION = YES;
				CLANG_WARN_DEPRECATED_OBJC_IMPLEMENTATIONS = YES;
				CLANG_WARN_DIRECT_OBJC_ISA_USAGE = YES_ERROR;
				CLANG_WARN_DOCUMENTATION_COMMENTS = YES;
				CLANG_WARN_EMPTY_BODY = YES;
				CLANG_WARN_ENUM_CONVERSION = YES;
				CLANG_WARN_INFINITE_RECURSION = YES;
				CLANG_WARN_INT_CONVERSION = YES;
				CLANG_WARN_NON_LITERAL_NULL_CONVERSION = YES;
				CLANG_WARN_OBJC_IMPLICIT_RETAIN_SELF = YES;
				CLANG_WARN_OBJC_LITERAL_CONVERSION = YES;
				CLANG_WARN_OBJC_ROOT_CLASS = YES_ERROR;
				CLANG_WARN_QUOTED_INCLUDE_IN_FRAMEWORK_HEADER = YES;
				CLANG_WARN_RANGE_LOOP_ANALYSIS = YES;
				CLANG_WARN_STRICT_PROTOTYPES = YES;
				CLANG_WARN_SUSPICIOUS_MOVE = YES;
				CLANG_WARN_UNGUARDED_AVAILABILITY = YES_AGGRESSIVE;
				CLANG_WARN_UNREACHABLE_CODE = YES;
				CLANG_WARN__DUPLICATE_METHOD_MATCH = YES;
				COPY_PHASE_STRIP = NO;
				DEBUG_INFORMATION_FORMAT = dwarf;
				ENABLE_STRICT_OBJC_MSGSEND = YES;
				ENABLE_TESTABILITY = YES;
				GCC_C_LANGUAGE_STANDARD = gnu11;
				GCC_DYNAMIC_NO_PIC = NO;
				GCC_NO_COMMON_BLOCKS = YES;
				GCC_OPTIMIZATION_LEVEL = 0;
				GCC_PREPROCESSOR_DEFINITIONS = (
					"DEBUG=1",
					"$(inherited)",
				);
				GCC_WARN_64_TO_32_BIT_CONVERSION = YES;
				GCC_WARN_ABOUT_RETURN_TYPE = YES_ERROR;
				GCC_WARN_UNDECLARED_SELECTOR = YES;
				GCC_WARN_UNINITIALIZED_AUTOS = YES_AGGRESSIVE;
				GCC_WARN_UNUSED_FUNCTION = YES;
				GCC_WARN_UNUSED_VARIABLE = YES;
				IPHONEOS_DEPLOYMENT_TARGET = 16.0;
				MTL_ENABLE_DEBUG_INFO = INCLUDE_SOURCE;
				MTL_FAST_MATH = YES;
				ONLY_ACTIVE_ARCH = YES;
				SDKROOT = iphoneos;
				SWIFT_ACTIVE_COMPILATION_CONDITIONS = DEBUG;
				SWIFT_OPTIMIZATION_LEVEL = "-Onone";
			};
			name = Debug;
		};
		D9934889295B8525009EE877 /* Release */ = {
			isa = XCBuildConfiguration;
			buildSettings = {
				ALWAYS_SEARCH_USER_PATHS = NO;
				CLANG_ANALYZER_NONNULL = YES;
				CLANG_ANALYZER_NUMBER_OBJECT_CONVERSION = YES_AGGRESSIVE;
				CLANG_CXX_LANGUAGE_STANDARD = "gnu++20";
				CLANG_ENABLE_MODULES = YES;
				CLANG_ENABLE_OBJC_ARC = YES;
				CLANG_ENABLE_OBJC_WEAK = YES;
				CLANG_WARN_BLOCK_CAPTURE_AUTORELEASING = YES;
				CLANG_WARN_BOOL_CONVERSION = YES;
				CLANG_WARN_COMMA = YES;
				CLANG_WARN_CONSTANT_CONVERSION = YES;
				CLANG_WARN_DEPRECATED_OBJC_IMPLEMENTATIONS = YES;
				CLANG_WARN_DIRECT_OBJC_ISA_USAGE = YES_ERROR;
				CLANG_WARN_DOCUMENTATION_COMMENTS = YES;
				CLANG_WARN_EMPTY_BODY = YES;
				CLANG_WARN_ENUM_CONVERSION = YES;
				CLANG_WARN_INFINITE_RECURSION = YES;
				CLANG_WARN_INT_CONVERSION = YES;
				CLANG_WARN_NON_LITERAL_NULL_CONVERSION = YES;
				CLANG_WARN_OBJC_IMPLICIT_RETAIN_SELF = YES;
				CLANG_WARN_OBJC_LITERAL_CONVERSION = YES;
				CLANG_WARN_OBJC_ROOT_CLASS = YES_ERROR;
				CLANG_WARN_QUOTED_INCLUDE_IN_FRAMEWORK_HEADER = YES;
				CLANG_WARN_RANGE_LOOP_ANALYSIS = YES;
				CLANG_WARN_STRICT_PROTOTYPES = YES;
				CLANG_WARN_SUSPICIOUS_MOVE = YES;
				CLANG_WARN_UNGUARDED_AVAILABILITY = YES_AGGRESSIVE;
				CLANG_WARN_UNREACHABLE_CODE = YES;
				CLANG_WARN__DUPLICATE_METHOD_MATCH = YES;
				COPY_PHASE_STRIP = NO;
				DEBUG_INFORMATION_FORMAT = "dwarf-with-dsym";
				ENABLE_NS_ASSERTIONS = NO;
				ENABLE_STRICT_OBJC_MSGSEND = YES;
				GCC_C_LANGUAGE_STANDARD = gnu11;
				GCC_NO_COMMON_BLOCKS = YES;
				GCC_WARN_64_TO_32_BIT_CONVERSION = YES;
				GCC_WARN_ABOUT_RETURN_TYPE = YES_ERROR;
				GCC_WARN_UNDECLARED_SELECTOR = YES;
				GCC_WARN_UNINITIALIZED_AUTOS = YES_AGGRESSIVE;
				GCC_WARN_UNUSED_FUNCTION = YES;
				GCC_WARN_UNUSED_VARIABLE = YES;
				IPHONEOS_DEPLOYMENT_TARGET = 16.0;
				MTL_ENABLE_DEBUG_INFO = NO;
				MTL_FAST_MATH = YES;
				SDKROOT = iphoneos;
				SWIFT_COMPILATION_MODE = wholemodule;
				SWIFT_OPTIMIZATION_LEVEL = "-O";
				VALIDATE_PRODUCT = YES;
			};
			name = Release;
		};
		D993488B295B8525009EE877 /* Debug */ = {
			isa = XCBuildConfiguration;
			buildSettings = {
				ASSETCATALOG_COMPILER_APPICON_NAME = AppIcon;
				ASSETCATALOG_COMPILER_GLOBAL_ACCENT_COLOR_NAME = AccentColor;
				CODE_SIGN_STYLE = Automatic;
				CURRENT_PROJECT_VERSION = 1;
				DEVELOPMENT_TEAM = 348USD6PQP;
				GENERATE_INFOPLIST_FILE = YES;
				INFOPLIST_FILE = "Space Art/Info.plist";
				INFOPLIST_KEY_UIApplicationSupportsIndirectInputEvents = YES;
				INFOPLIST_KEY_UILaunchStoryboardName = LaunchScreen;
				INFOPLIST_KEY_UISupportedInterfaceOrientations_iPad = "UIInterfaceOrientationPortrait UIInterfaceOrientationPortraitUpsideDown UIInterfaceOrientationLandscapeLeft UIInterfaceOrientationLandscapeRight";
				INFOPLIST_KEY_UISupportedInterfaceOrientations_iPhone = "UIInterfaceOrientationPortrait UIInterfaceOrientationLandscapeLeft UIInterfaceOrientationLandscapeRight";
				LD_RUNPATH_SEARCH_PATHS = (
					"$(inherited)",
					"@executable_path/Frameworks",
				);
				MARKETING_VERSION = 1.0;
				PRODUCT_BUNDLE_IDENTIFIER = "br.com.zup.Space-Art";
				PRODUCT_NAME = "$(TARGET_NAME)";
				SWIFT_EMIT_LOC_STRINGS = YES;
				SWIFT_VERSION = 5.0;
				TARGETED_DEVICE_FAMILY = "1,2";
			};
			name = Debug;
		};
		D993488C295B8525009EE877 /* Release */ = {
			isa = XCBuildConfiguration;
			buildSettings = {
				ASSETCATALOG_COMPILER_APPICON_NAME = AppIcon;
				ASSETCATALOG_COMPILER_GLOBAL_ACCENT_COLOR_NAME = AccentColor;
				CODE_SIGN_STYLE = Automatic;
				CURRENT_PROJECT_VERSION = 1;
				DEVELOPMENT_TEAM = 348USD6PQP;
				GENERATE_INFOPLIST_FILE = YES;
				INFOPLIST_FILE = "Space Art/Info.plist";
				INFOPLIST_KEY_UIApplicationSupportsIndirectInputEvents = YES;
				INFOPLIST_KEY_UILaunchStoryboardName = LaunchScreen;
				INFOPLIST_KEY_UISupportedInterfaceOrientations_iPad = "UIInterfaceOrientationPortrait UIInterfaceOrientationPortraitUpsideDown UIInterfaceOrientationLandscapeLeft UIInterfaceOrientationLandscapeRight";
				INFOPLIST_KEY_UISupportedInterfaceOrientations_iPhone = "UIInterfaceOrientationPortrait UIInterfaceOrientationLandscapeLeft UIInterfaceOrientationLandscapeRight";
				LD_RUNPATH_SEARCH_PATHS = (
					"$(inherited)",
					"@executable_path/Frameworks",
				);
				MARKETING_VERSION = 1.0;
				PRODUCT_BUNDLE_IDENTIFIER = "br.com.zup.Space-Art";
				PRODUCT_NAME = "$(TARGET_NAME)";
				SWIFT_EMIT_LOC_STRINGS = YES;
				SWIFT_VERSION = 5.0;
				TARGETED_DEVICE_FAMILY = "1,2";
			};
			name = Release;
		};
/* End XCBuildConfiguration section */

/* Begin XCConfigurationList section */
		D9934871295B8523009EE877 /* Build configuration list for PBXProject "Space Art" */ = {
			isa = XCConfigurationList;
			buildConfigurations = (
				D9934888295B8525009EE877 /* Debug */,
				D9934889295B8525009EE877 /* Release */,
			);
			defaultConfigurationIsVisible = 0;
			defaultConfigurationName = Release;
		};
		D993488A295B8525009EE877 /* Build configuration list for PBXNativeTarget "Space Art" */ = {
			isa = XCConfigurationList;
			buildConfigurations = (
				D993488B295B8525009EE877 /* Debug */,
				D993488C295B8525009EE877 /* Release */,
			);
			defaultConfigurationIsVisible = 0;
			defaultConfigurationName = Release;
		};
/* End XCConfigurationList section */
	};
	rootObject = D993486E295B8523009EE877 /* Project object */;
}
